
Microsoft Visual Studio Solution File, Format Version 12.00
# Visual Studio 14
VisualStudioVersion = 14.0.25420.1
MinimumVisualStudioVersion = 10.0.40219.1
Project("{D954291E-2A0B-460D-934E-DC6B0785DB48}") = "XantarDev", "XantarDev\XantarDev\XantarDev.shproj", "{3847D216-3372-4800-BE7E-EDD7F91ED4C8}"
EndProject
Project("{FAE04EC0-301F-11D3-BF4B-00C04F79EFBC}") = "XantarDev.Droid", "XantarDev\XantarDev.Droid\XantarDev.Droid.csproj", "{074116BD-487B-488B-95DA-6136E24A5941}"
EndProject
Project("{FAE04EC0-301F-11D3-BF4B-00C04F79EFBC}") = "XantarDev.iOS", "XantarDev\XantarDev.iOS\XantarDev.iOS.csproj", "{7597F46E-E7AC-458A-9598-C0A4AA4521C8}"
EndProject
Project("{FAE04EC0-301F-11D3-BF4B-00C04F79EFBC}") = "XantarDev.WinPhone", "XantarDev\XantarDev.WinPhone\XantarDev.WinPhone.csproj", "{A277AC6D-B224-43D6-A53A-89A8F18DCA2A}"
EndProject
Project("{FAE04EC0-301F-11D3-BF4B-00C04F79EFBC}") = "XantarDev.UWP", "XantarDev\XantarDev.UWP\XantarDev.UWP.csproj", "{B1D56998-B4B9-4A19-964A-13EBEE47FA24}"
EndProject
Project("{FAE04EC0-301F-11D3-BF4B-00C04F79EFBC}") = "XantarDev.Windows", "XantarDev\XantarDev.Windows\XantarDev.Windows.csproj", "{6D9AC014-6679-4BD7-AD4D-8112DFE233E0}"
EndProject
Global
	GlobalSection(SharedMSBuildProjectFiles) = preSolution
		XantarDev\XantarDev\XantarDev.projitems*{074116bd-487b-488b-95da-6136e24a5941}*SharedItemsImports = 4
		XantarDev\XantarDev\XantarDev.projitems*{3847d216-3372-4800-be7e-edd7f91ed4c8}*SharedItemsImports = 13
		XantarDev\XantarDev\XantarDev.projitems*{6d9ac014-6679-4bd7-ad4d-8112dfe233e0}*SharedItemsImports = 4
		XantarDev\XantarDev\XantarDev.projitems*{7597f46e-e7ac-458a-9598-c0a4aa4521c8}*SharedItemsImports = 4
		XantarDev\XantarDev\XantarDev.projitems*{a277ac6d-b224-43d6-a53a-89a8f18dca2a}*SharedItemsImports = 4
		XantarDev\XantarDev\XantarDev.projitems*{b1d56998-b4b9-4a19-964a-13ebee47fa24}*SharedItemsImports = 4
	EndGlobalSection
	GlobalSection(SolutionConfigurationPlatforms) = preSolution
		Ad-Hoc|Any CPU = Ad-Hoc|Any CPU
		Ad-Hoc|ARM = Ad-Hoc|ARM
		Ad-Hoc|iPhone = Ad-Hoc|iPhone
		Ad-Hoc|iPhoneSimulator = Ad-Hoc|iPhoneSimulator
		Ad-Hoc|x64 = Ad-Hoc|x64
		Ad-Hoc|x86 = Ad-Hoc|x86
		AppStore|Any CPU = AppStore|Any CPU
		AppStore|ARM = AppStore|ARM
		AppStore|iPhone = AppStore|iPhone
		AppStore|iPhoneSimulator = AppStore|iPhoneSimulator
		AppStore|x64 = AppStore|x64
		AppStore|x86 = AppStore|x86
		Debug|Any CPU = Debug|Any CPU
		Debug|ARM = Debug|ARM
		Debug|iPhone = Debug|iPhone
		Debug|iPhoneSimulator = Debug|iPhoneSimulator
		Debug|x64 = Debug|x64
		Debug|x86 = Debug|x86
		Release|Any CPU = Release|Any CPU
		Release|ARM = Release|ARM
		Release|iPhone = Release|iPhone
		Release|iPhoneSimulator = Release|iPhoneSimulator
		Release|x64 = Release|x64
		Release|x86 = Release|x86
	EndGlobalSection
	GlobalSection(ProjectConfigurationPlatforms) = postSolution
		{074116BD-487B-488B-95DA-6136E24A5941}.Ad-Hoc|Any CPU.ActiveCfg = Release|Any CPU
		{074116BD-487B-488B-95DA-6136E24A5941}.Ad-Hoc|Any CPU.Build.0 = Release|Any CPU
		{074116BD-487B-488B-95DA-6136E24A5941}.Ad-Hoc|Any CPU.Deploy.0 = Release|Any CPU
		{074116BD-487B-488B-95DA-6136E24A5941}.Ad-Hoc|ARM.ActiveCfg = Release|Any CPU
		{074116BD-487B-488B-95DA-6136E24A5941}.Ad-Hoc|ARM.Build.0 = Release|Any CPU
		{074116BD-487B-488B-95DA-6136E24A5941}.Ad-Hoc|ARM.Deploy.0 = Release|Any CPU
		{074116BD-487B-488B-95DA-6136E24A5941}.Ad-Hoc|iPhone.ActiveCfg = Release|Any CPU
		{074116BD-487B-488B-95DA-6136E24A5941}.Ad-Hoc|iPhone.Build.0 = Release|Any CPU
		{074116BD-487B-488B-95DA-6136E24A5941}.Ad-Hoc|iPhone.Deploy.0 = Release|Any CPU
		{074116BD-487B-488B-95DA-6136E24A5941}.Ad-Hoc|iPhoneSimulator.ActiveCfg = Release|Any CPU
		{074116BD-487B-488B-95DA-6136E24A5941}.Ad-Hoc|iPhoneSimulator.Build.0 = Release|Any CPU
		{074116BD-487B-488B-95DA-6136E24A5941}.Ad-Hoc|iPhoneSimulator.Deploy.0 = Release|Any CPU
		{074116BD-487B-488B-95DA-6136E24A5941}.Ad-Hoc|x64.ActiveCfg = Release|Any CPU
		{074116BD-487B-488B-95DA-6136E24A5941}.Ad-Hoc|x64.Build.0 = Release|Any CPU
		{074116BD-487B-488B-95DA-6136E24A5941}.Ad-Hoc|x64.Deploy.0 = Release|Any CPU
		{074116BD-487B-488B-95DA-6136E24A5941}.Ad-Hoc|x86.ActiveCfg = Release|Any CPU
		{074116BD-487B-488B-95DA-6136E24A5941}.Ad-Hoc|x86.Build.0 = Release|Any CPU
		{074116BD-487B-488B-95DA-6136E24A5941}.Ad-Hoc|x86.Deploy.0 = Release|Any CPU
		{074116BD-487B-488B-95DA-6136E24A5941}.AppStore|Any CPU.ActiveCfg = Release|Any CPU
		{074116BD-487B-488B-95DA-6136E24A5941}.AppStore|Any CPU.Build.0 = Release|Any CPU
		{074116BD-487B-488B-95DA-6136E24A5941}.AppStore|Any CPU.Deploy.0 = Release|Any CPU
		{074116BD-487B-488B-95DA-6136E24A5941}.AppStore|ARM.ActiveCfg = Release|Any CPU
		{074116BD-487B-488B-95DA-6136E24A5941}.AppStore|ARM.Build.0 = Release|Any CPU
		{074116BD-487B-488B-95DA-6136E24A5941}.AppStore|ARM.Deploy.0 = Release|Any CPU
		{074116BD-487B-488B-95DA-6136E24A5941}.AppStore|iPhone.ActiveCfg = Release|Any CPU
		{074116BD-487B-488B-95DA-6136E24A5941}.AppStore|iPhone.Build.0 = Release|Any CPU
		{074116BD-487B-488B-95DA-6136E24A5941}.AppStore|iPhone.Deploy.0 = Release|Any CPU
		{074116BD-487B-488B-95DA-6136E24A5941}.AppStore|iPhoneSimulator.ActiveCfg = Release|Any CPU
		{074116BD-487B-488B-95DA-6136E24A5941}.AppStore|iPhoneSimulator.Build.0 = Release|Any CPU
		{074116BD-487B-488B-95DA-6136E24A5941}.AppStore|iPhoneSimulator.Deploy.0 = Release|Any CPU
		{074116BD-487B-488B-95DA-6136E24A5941}.AppStore|x64.ActiveCfg = Release|Any CPU
		{074116BD-487B-488B-95DA-6136E24A5941}.AppStore|x64.Build.0 = Release|Any CPU
		{074116BD-487B-488B-95DA-6136E24A5941}.AppStore|x64.Deploy.0 = Release|Any CPU
		{074116BD-487B-488B-95DA-6136E24A5941}.AppStore|x86.ActiveCfg = Release|Any CPU
		{074116BD-487B-488B-95DA-6136E24A5941}.AppStore|x86.Build.0 = Release|Any CPU
		{074116BD-487B-488B-95DA-6136E24A5941}.AppStore|x86.Deploy.0 = Release|Any CPU
		{074116BD-487B-488B-95DA-6136E24A5941}.Debug|Any CPU.ActiveCfg = Debug|Any CPU
		{074116BD-487B-488B-95DA-6136E24A5941}.Debug|Any CPU.Build.0 = Debug|Any CPU
		{074116BD-487B-488B-95DA-6136E24A5941}.Debug|Any CPU.Deploy.0 = Debug|Any CPU
		{074116BD-487B-488B-95DA-6136E24A5941}.Debug|ARM.ActiveCfg = Debug|Any CPU
		{074116BD-487B-488B-95DA-6136E24A5941}.Debug|ARM.Build.0 = Debug|Any CPU
		{074116BD-487B-488B-95DA-6136E24A5941}.Debug|ARM.Deploy.0 = Debug|Any CPU
		{074116BD-487B-488B-95DA-6136E24A5941}.Debug|iPhone.ActiveCfg = Debug|Any CPU
		{074116BD-487B-488B-95DA-6136E24A5941}.Debug|iPhone.Build.0 = Debug|Any CPU
		{074116BD-487B-488B-95DA-6136E24A5941}.Debug|iPhone.Deploy.0 = Debug|Any CPU
		{074116BD-487B-488B-95DA-6136E24A5941}.Debug|iPhoneSimulator.ActiveCfg = Debug|Any CPU
		{074116BD-487B-488B-95DA-6136E24A5941}.Debug|iPhoneSimulator.Build.0 = Debug|Any CPU
		{074116BD-487B-488B-95DA-6136E24A5941}.Debug|iPhoneSimulator.Deploy.0 = Debug|Any CPU
		{074116BD-487B-488B-95DA-6136E24A5941}.Debug|x64.ActiveCfg = Debug|Any CPU
		{074116BD-487B-488B-95DA-6136E24A5941}.Debug|x64.Build.0 = Debug|Any CPU
		{074116BD-487B-488B-95DA-6136E24A5941}.Debug|x64.Deploy.0 = Debug|Any CPU
		{074116BD-487B-488B-95DA-6136E24A5941}.Debug|x86.ActiveCfg = Debug|Any CPU
		{074116BD-487B-488B-95DA-6136E24A5941}.Debug|x86.Build.0 = Debug|Any CPU
		{074116BD-487B-488B-95DA-6136E24A5941}.Debug|x86.Deploy.0 = Debug|Any CPU
		{074116BD-487B-488B-95DA-6136E24A5941}.Release|Any CPU.ActiveCfg = Release|Any CPU
		{074116BD-487B-488B-95DA-6136E24A5941}.Release|Any CPU.Build.0 = Release|Any CPU
		{074116BD-487B-488B-95DA-6136E24A5941}.Release|Any CPU.Deploy.0 = Release|Any CPU
		{074116BD-487B-488B-95DA-6136E24A5941}.Release|ARM.ActiveCfg = Release|Any CPU
		{074116BD-487B-488B-95DA-6136E24A5941}.Release|ARM.Build.0 = Release|Any CPU
		{074116BD-487B-488B-95DA-6136E24A5941}.Release|ARM.Deploy.0 = Release|Any CPU
		{074116BD-487B-488B-95DA-6136E24A5941}.Release|iPhone.ActiveCfg = Release|Any CPU
		{074116BD-487B-488B-95DA-6136E24A5941}.Release|iPhone.Build.0 = Release|Any CPU
		{074116BD-487B-488B-95DA-6136E24A5941}.Release|iPhone.Deploy.0 = Release|Any CPU
		{074116BD-487B-488B-95DA-6136E24A5941}.Release|iPhoneSimulator.ActiveCfg = Release|Any CPU
		{074116BD-487B-488B-95DA-6136E24A5941}.Release|iPhoneSimulator.Build.0 = Release|Any CPU
		{074116BD-487B-488B-95DA-6136E24A5941}.Release|iPhoneSimulator.Deploy.0 = Release|Any CPU
		{074116BD-487B-488B-95DA-6136E24A5941}.Release|x64.ActiveCfg = Release|Any CPU
		{074116BD-487B-488B-95DA-6136E24A5941}.Release|x64.Build.0 = Release|Any CPU
		{074116BD-487B-488B-95DA-6136E24A5941}.Release|x64.Deploy.0 = Release|Any CPU
		{074116BD-487B-488B-95DA-6136E24A5941}.Release|x86.ActiveCfg = Release|Any CPU
		{074116BD-487B-488B-95DA-6136E24A5941}.Release|x86.Build.0 = Release|Any CPU
		{074116BD-487B-488B-95DA-6136E24A5941}.Release|x86.Deploy.0 = Release|Any CPU
		{7597F46E-E7AC-458A-9598-C0A4AA4521C8}.Ad-Hoc|Any CPU.ActiveCfg = Ad-Hoc|iPhone
		{7597F46E-E7AC-458A-9598-C0A4AA4521C8}.Ad-Hoc|ARM.ActiveCfg = Ad-Hoc|iPhone
		{7597F46E-E7AC-458A-9598-C0A4AA4521C8}.Ad-Hoc|iPhone.ActiveCfg = Ad-Hoc|iPhone
		{7597F46E-E7AC-458A-9598-C0A4AA4521C8}.Ad-Hoc|iPhone.Build.0 = Ad-Hoc|iPhone
		{7597F46E-E7AC-458A-9598-C0A4AA4521C8}.Ad-Hoc|iPhoneSimulator.ActiveCfg = Ad-Hoc|iPhoneSimulator
		{7597F46E-E7AC-458A-9598-C0A4AA4521C8}.Ad-Hoc|iPhoneSimulator.Build.0 = Ad-Hoc|iPhoneSimulator
		{7597F46E-E7AC-458A-9598-C0A4AA4521C8}.Ad-Hoc|x64.ActiveCfg = Ad-Hoc|iPhone
		{7597F46E-E7AC-458A-9598-C0A4AA4521C8}.Ad-Hoc|x86.ActiveCfg = Ad-Hoc|iPhone
		{7597F46E-E7AC-458A-9598-C0A4AA4521C8}.AppStore|Any CPU.ActiveCfg = AppStore|iPhone
		{7597F46E-E7AC-458A-9598-C0A4AA4521C8}.AppStore|ARM.ActiveCfg = AppStore|iPhone
		{7597F46E-E7AC-458A-9598-C0A4AA4521C8}.AppStore|iPhone.ActiveCfg = AppStore|iPhone
		{7597F46E-E7AC-458A-9598-C0A4AA4521C8}.AppStore|iPhone.Build.0 = AppStore|iPhone
		{7597F46E-E7AC-458A-9598-C0A4AA4521C8}.AppStore|iPhoneSimulator.ActiveCfg = AppStore|iPhoneSimulator
		{7597F46E-E7AC-458A-9598-C0A4AA4521C8}.AppStore|iPhoneSimulator.Build.0 = AppStore|iPhoneSimulator
		{7597F46E-E7AC-458A-9598-C0A4AA4521C8}.AppStore|x64.ActiveCfg = AppStore|iPhone
		{7597F46E-E7AC-458A-9598-C0A4AA4521C8}.AppStore|x86.ActiveCfg = AppStore|iPhone
		{7597F46E-E7AC-458A-9598-C0A4AA4521C8}.Debug|Any CPU.ActiveCfg = Debug|iPhone
		{7597F46E-E7AC-458A-9598-C0A4AA4521C8}.Debug|ARM.ActiveCfg = Debug|iPhone
		{7597F46E-E7AC-458A-9598-C0A4AA4521C8}.Debug|iPhone.ActiveCfg = Debug|iPhone
		{7597F46E-E7AC-458A-9598-C0A4AA4521C8}.Debug|iPhone.Build.0 = Debug|iPhone
		{7597F46E-E7AC-458A-9598-C0A4AA4521C8}.Debug|iPhoneSimulator.ActiveCfg = Debug|iPhoneSimulator
		{7597F46E-E7AC-458A-9598-C0A4AA4521C8}.Debug|iPhoneSimulator.Build.0 = Debug|iPhoneSimulator
		{7597F46E-E7AC-458A-9598-C0A4AA4521C8}.Debug|x64.ActiveCfg = Debug|iPhone
		{7597F46E-E7AC-458A-9598-C0A4AA4521C8}.Debug|x86.ActiveCfg = Debug|iPhone
		{7597F46E-E7AC-458A-9598-C0A4AA4521C8}.Release|Any CPU.ActiveCfg = Release|iPhone
		{7597F46E-E7AC-458A-9598-C0A4AA4521C8}.Release|ARM.ActiveCfg = Release|iPhone
		{7597F46E-E7AC-458A-9598-C0A4AA4521C8}.Release|iPhone.ActiveCfg = Release|iPhone
		{7597F46E-E7AC-458A-9598-C0A4AA4521C8}.Release|iPhone.Build.0 = Release|iPhone
		{7597F46E-E7AC-458A-9598-C0A4AA4521C8}.Release|iPhoneSimulator.ActiveCfg = Release|iPhoneSimulator
		{7597F46E-E7AC-458A-9598-C0A4AA4521C8}.Release|iPhoneSimulator.Build.0 = Release|iPhoneSimulator
		{7597F46E-E7AC-458A-9598-C0A4AA4521C8}.Release|x64.ActiveCfg = Release|iPhone
		{7597F46E-E7AC-458A-9598-C0A4AA4521C8}.Release|x86.ActiveCfg = Release|iPhone
		{A277AC6D-B224-43D6-A53A-89A8F18DCA2A}.Ad-Hoc|Any CPU.ActiveCfg = Release|Any CPU
		{A277AC6D-B224-43D6-A53A-89A8F18DCA2A}.Ad-Hoc|Any CPU.Build.0 = Release|Any CPU
		{A277AC6D-B224-43D6-A53A-89A8F18DCA2A}.Ad-Hoc|Any CPU.Deploy.0 = Release|Any CPU
		{A277AC6D-B224-43D6-A53A-89A8F18DCA2A}.Ad-Hoc|ARM.ActiveCfg = Release|ARM
		{A277AC6D-B224-43D6-A53A-89A8F18DCA2A}.Ad-Hoc|ARM.Build.0 = Release|ARM
		{A277AC6D-B224-43D6-A53A-89A8F18DCA2A}.Ad-Hoc|ARM.Deploy.0 = Release|ARM
		{A277AC6D-B224-43D6-A53A-89A8F18DCA2A}.Ad-Hoc|iPhone.ActiveCfg = Release|Any CPU
		{A277AC6D-B224-43D6-A53A-89A8F18DCA2A}.Ad-Hoc|iPhone.Build.0 = Release|Any CPU
		{A277AC6D-B224-43D6-A53A-89A8F18DCA2A}.Ad-Hoc|iPhone.Deploy.0 = Release|Any CPU
		{A277AC6D-B224-43D6-A53A-89A8F18DCA2A}.Ad-Hoc|iPhoneSimulator.ActiveCfg = Release|Any CPU
		{A277AC6D-B224-43D6-A53A-89A8F18DCA2A}.Ad-Hoc|iPhoneSimulator.Build.0 = Release|Any CPU
		{A277AC6D-B224-43D6-A53A-89A8F18DCA2A}.Ad-Hoc|iPhoneSimulator.Deploy.0 = Release|Any CPU
		{A277AC6D-B224-43D6-A53A-89A8F18DCA2A}.Ad-Hoc|x64.ActiveCfg = Release|Any CPU
		{A277AC6D-B224-43D6-A53A-89A8F18DCA2A}.Ad-Hoc|x64.Build.0 = Release|Any CPU
		{A277AC6D-B224-43D6-A53A-89A8F18DCA2A}.Ad-Hoc|x64.Deploy.0 = Release|Any CPU
		{A277AC6D-B224-43D6-A53A-89A8F18DCA2A}.Ad-Hoc|x86.ActiveCfg = Release|x86
		{A277AC6D-B224-43D6-A53A-89A8F18DCA2A}.Ad-Hoc|x86.Build.0 = Release|x86
		{A277AC6D-B224-43D6-A53A-89A8F18DCA2A}.Ad-Hoc|x86.Deploy.0 = Release|x86
		{A277AC6D-B224-43D6-A53A-89A8F18DCA2A}.AppStore|Any CPU.ActiveCfg = Release|Any CPU
		{A277AC6D-B224-43D6-A53A-89A8F18DCA2A}.AppStore|Any CPU.Build.0 = Release|Any CPU
		{A277AC6D-B224-43D6-A53A-89A8F18DCA2A}.AppStore|Any CPU.Deploy.0 = Release|Any CPU
		{A277AC6D-B224-43D6-A53A-89A8F18DCA2A}.AppStore|ARM.ActiveCfg = Release|ARM
		{A277AC6D-B224-43D6-A53A-89A8F18DCA2A}.AppStore|ARM.Build.0 = Release|ARM
		{A277AC6D-B224-43D6-A53A-89A8F18DCA2A}.AppStore|ARM.Deploy.0 = Release|ARM
		{A277AC6D-B224-43D6-A53A-89A8F18DCA2A}.AppStore|iPhone.ActiveCfg = Release|Any CPU
		{A277AC6D-B224-43D6-A53A-89A8F18DCA2A}.AppStore|iPhone.Build.0 = Release|Any CPU
		{A277AC6D-B224-43D6-A53A-89A8F18DCA2A}.AppStore|iPhone.Deploy.0 = Release|Any CPU
		{A277AC6D-B224-43D6-A53A-89A8F18DCA2A}.AppStore|iPhoneSimulator.ActiveCfg = Release|Any CPU
		{A277AC6D-B224-43D6-A53A-89A8F18DCA2A}.AppStore|iPhoneSimulator.Build.0 = Release|Any CPU
		{A277AC6D-B224-43D6-A53A-89A8F18DCA2A}.AppStore|iPhoneSimulator.Deploy.0 = Release|Any CPU
		{A277AC6D-B224-43D6-A53A-89A8F18DCA2A}.AppStore|x64.ActiveCfg = Release|Any CPU
		{A277AC6D-B224-43D6-A53A-89A8F18DCA2A}.AppStore|x64.Build.0 = Release|Any CPU
		{A277AC6D-B224-43D6-A53A-89A8F18DCA2A}.AppStore|x64.Deploy.0 = Release|Any CPU
		{A277AC6D-B224-43D6-A53A-89A8F18DCA2A}.AppStore|x86.ActiveCfg = Release|x86
		{A277AC6D-B224-43D6-A53A-89A8F18DCA2A}.AppStore|x86.Build.0 = Release|x86
		{A277AC6D-B224-43D6-A53A-89A8F18DCA2A}.AppStore|x86.Deploy.0 = Release|x86
		{A277AC6D-B224-43D6-A53A-89A8F18DCA2A}.Debug|Any CPU.ActiveCfg = Debug|Any CPU
		{A277AC6D-B224-43D6-A53A-89A8F18DCA2A}.Debug|Any CPU.Build.0 = Debug|Any CPU
		{A277AC6D-B224-43D6-A53A-89A8F18DCA2A}.Debug|Any CPU.Deploy.0 = Debug|Any CPU
		{A277AC6D-B224-43D6-A53A-89A8F18DCA2A}.Debug|ARM.ActiveCfg = Debug|ARM
		{A277AC6D-B224-43D6-A53A-89A8F18DCA2A}.Debug|ARM.Build.0 = Debug|ARM
		{A277AC6D-B224-43D6-A53A-89A8F18DCA2A}.Debug|ARM.Deploy.0 = Debug|ARM
		{A277AC6D-B224-43D6-A53A-89A8F18DCA2A}.Debug|iPhone.ActiveCfg = Debug|Any CPU
		{A277AC6D-B224-43D6-A53A-89A8F18DCA2A}.Debug|iPhone.Build.0 = Debug|Any CPU
		{A277AC6D-B224-43D6-A53A-89A8F18DCA2A}.Debug|iPhone.Deploy.0 = Debug|Any CPU
		{A277AC6D-B224-43D6-A53A-89A8F18DCA2A}.Debug|iPhoneSimulator.ActiveCfg = Debug|Any CPU
		{A277AC6D-B224-43D6-A53A-89A8F18DCA2A}.Debug|iPhoneSimulator.Build.0 = Debug|Any CPU
		{A277AC6D-B224-43D6-A53A-89A8F18DCA2A}.Debug|iPhoneSimulator.Deploy.0 = Debug|Any CPU
		{A277AC6D-B224-43D6-A53A-89A8F18DCA2A}.Debug|x64.ActiveCfg = Debug|Any CPU
		{A277AC6D-B224-43D6-A53A-89A8F18DCA2A}.Debug|x64.Build.0 = Debug|Any CPU
		{A277AC6D-B224-43D6-A53A-89A8F18DCA2A}.Debug|x64.Deploy.0 = Debug|Any CPU
		{A277AC6D-B224-43D6-A53A-89A8F18DCA2A}.Debug|x86.ActiveCfg = Debug|x86
		{A277AC6D-B224-43D6-A53A-89A8F18DCA2A}.Debug|x86.Build.0 = Debug|x86
		{A277AC6D-B224-43D6-A53A-89A8F18DCA2A}.Debug|x86.Deploy.0 = Debug|x86
		{A277AC6D-B224-43D6-A53A-89A8F18DCA2A}.Release|Any CPU.ActiveCfg = Release|Any CPU
		{A277AC6D-B224-43D6-A53A-89A8F18DCA2A}.Release|Any CPU.Build.0 = Release|Any CPU
		{A277AC6D-B224-43D6-A53A-89A8F18DCA2A}.Release|Any CPU.Deploy.0 = Release|Any CPU
		{A277AC6D-B224-43D6-A53A-89A8F18DCA2A}.Release|ARM.ActiveCfg = Release|ARM
		{A277AC6D-B224-43D6-A53A-89A8F18DCA2A}.Release|ARM.Build.0 = Release|ARM
		{A277AC6D-B224-43D6-A53A-89A8F18DCA2A}.Release|ARM.Deploy.0 = Release|ARM
		{A277AC6D-B224-43D6-A53A-89A8F18DCA2A}.Release|iPhone.ActiveCfg = Release|Any CPU
		{A277AC6D-B224-43D6-A53A-89A8F18DCA2A}.Release|iPhone.Build.0 = Release|Any CPU
		{A277AC6D-B224-43D6-A53A-89A8F18DCA2A}.Release|iPhone.Deploy.0 = Release|Any CPU
		{A277AC6D-B224-43D6-A53A-89A8F18DCA2A}.Release|iPhoneSimulator.ActiveCfg = Release|Any CPU
		{A277AC6D-B224-43D6-A53A-89A8F18DCA2A}.Release|iPhoneSimulator.Build.0 = Release|Any CPU
		{A277AC6D-B224-43D6-A53A-89A8F18DCA2A}.Release|iPhoneSimulator.Deploy.0 = Release|Any CPU
		{A277AC6D-B224-43D6-A53A-89A8F18DCA2A}.Release|x64.ActiveCfg = Release|Any CPU
		{A277AC6D-B224-43D6-A53A-89A8F18DCA2A}.Release|x64.Build.0 = Release|Any CPU
		{A277AC6D-B224-43D6-A53A-89A8F18DCA2A}.Release|x64.Deploy.0 = Release|Any CPU
		{A277AC6D-B224-43D6-A53A-89A8F18DCA2A}.Release|x86.ActiveCfg = Release|x86
		{A277AC6D-B224-43D6-A53A-89A8F18DCA2A}.Release|x86.Build.0 = Release|x86
		{A277AC6D-B224-43D6-A53A-89A8F18DCA2A}.Release|x86.Deploy.0 = Release|x86
		{B1D56998-B4B9-4A19-964A-13EBEE47FA24}.Ad-Hoc|Any CPU.ActiveCfg = Release|x86
		{B1D56998-B4B9-4A19-964A-13EBEE47FA24}.Ad-Hoc|Any CPU.Build.0 = Release|x86
		{B1D56998-B4B9-4A19-964A-13EBEE47FA24}.Ad-Hoc|Any CPU.Deploy.0 = Release|x86
		{B1D56998-B4B9-4A19-964A-13EBEE47FA24}.Ad-Hoc|ARM.ActiveCfg = Release|ARM
		{B1D56998-B4B9-4A19-964A-13EBEE47FA24}.Ad-Hoc|ARM.Build.0 = Release|ARM
		{B1D56998-B4B9-4A19-964A-13EBEE47FA24}.Ad-Hoc|ARM.Deploy.0 = Release|ARM
		{B1D56998-B4B9-4A19-964A-13EBEE47FA24}.Ad-Hoc|iPhone.ActiveCfg = Release|x86
		{B1D56998-B4B9-4A19-964A-13EBEE47FA24}.Ad-Hoc|iPhone.Build.0 = Release|x86
		{B1D56998-B4B9-4A19-964A-13EBEE47FA24}.Ad-Hoc|iPhone.Deploy.0 = Release|x86
		{B1D56998-B4B9-4A19-964A-13EBEE47FA24}.Ad-Hoc|iPhoneSimulator.ActiveCfg = Release|x86
		{B1D56998-B4B9-4A19-964A-13EBEE47FA24}.Ad-Hoc|iPhoneSimulator.Build.0 = Release|x86
		{B1D56998-B4B9-4A19-964A-13EBEE47FA24}.Ad-Hoc|iPhoneSimulator.Deploy.0 = Release|x86
		{B1D56998-B4B9-4A19-964A-13EBEE47FA24}.Ad-Hoc|x64.ActiveCfg = Release|x64
		{B1D56998-B4B9-4A19-964A-13EBEE47FA24}.Ad-Hoc|x64.Build.0 = Release|x64
		{B1D56998-B4B9-4A19-964A-13EBEE47FA24}.Ad-Hoc|x64.Deploy.0 = Release|x64
		{B1D56998-B4B9-4A19-964A-13EBEE47FA24}.Ad-Hoc|x86.ActiveCfg = Release|x86
		{B1D56998-B4B9-4A19-964A-13EBEE47FA24}.Ad-Hoc|x86.Build.0 = Release|x86
		{B1D56998-B4B9-4A19-964A-13EBEE47FA24}.Ad-Hoc|x86.Deploy.0 = Release|x86
		{B1D56998-B4B9-4A19-964A-13EBEE47FA24}.AppStore|Any CPU.ActiveCfg = Release|x86
		{B1D56998-B4B9-4A19-964A-13EBEE47FA24}.AppStore|Any CPU.Build.0 = Release|x86
		{B1D56998-B4B9-4A19-964A-13EBEE47FA24}.AppStore|Any CPU.Deploy.0 = Release|x86
		{B1D56998-B4B9-4A19-964A-13EBEE47FA24}.AppStore|ARM.ActiveCfg = Release|ARM
		{B1D56998-B4B9-4A19-964A-13EBEE47FA24}.AppStore|ARM.Build.0 = Release|ARM
		{B1D56998-B4B9-4A19-964A-13EBEE47FA24}.AppStore|ARM.Deploy.0 = Release|ARM
		{B1D56998-B4B9-4A19-964A-13EBEE47FA24}.AppStore|iPhone.ActiveCfg = Release|x86
		{B1D56998-B4B9-4A19-964A-13EBEE47FA24}.AppStore|iPhone.Build.0 = Release|x86
		{B1D56998-B4B9-4A19-964A-13EBEE47FA24}.AppStore|iPhone.Deploy.0 = Release|x86
		{B1D56998-B4B9-4A19-964A-13EBEE47FA24}.AppStore|iPhoneSimulator.ActiveCfg = Release|x86
		{B1D56998-B4B9-4A19-964A-13EBEE47FA24}.AppStore|iPhoneSimulator.Build.0 = Release|x86
		{B1D56998-B4B9-4A19-964A-13EBEE47FA24}.AppStore|iPhoneSimulator.Deploy.0 = Release|x86
		{B1D56998-B4B9-4A19-964A-13EBEE47FA24}.AppStore|x64.ActiveCfg = Release|x64
		{B1D56998-B4B9-4A19-964A-13EBEE47FA24}.AppStore|x64.Build.0 = Release|x64
		{B1D56998-B4B9-4A19-964A-13EBEE47FA24}.AppStore|x64.Deploy.0 = Release|x64
		{B1D56998-B4B9-4A19-964A-13EBEE47FA24}.AppStore|x86.ActiveCfg = Release|x86
		{B1D56998-B4B9-4A19-964A-13EBEE47FA24}.AppStore|x86.Build.0 = Release|x86
		{B1D56998-B4B9-4A19-964A-13EBEE47FA24}.AppStore|x86.Deploy.0 = Release|x86
		{B1D56998-B4B9-4A19-964A-13EBEE47FA24}.Debug|Any CPU.ActiveCfg = Debug|x86
		{B1D56998-B4B9-4A19-964A-13EBEE47FA24}.Debug|ARM.ActiveCfg = Debug|ARM
		{B1D56998-B4B9-4A19-964A-13EBEE47FA24}.Debug|ARM.Build.0 = Debug|ARM
		{B1D56998-B4B9-4A19-964A-13EBEE47FA24}.Debug|ARM.Deploy.0 = Debug|ARM
		{B1D56998-B4B9-4A19-964A-13EBEE47FA24}.Debug|iPhone.ActiveCfg = Debug|x86
		{B1D56998-B4B9-4A19-964A-13EBEE47FA24}.Debug|iPhoneSimulator.ActiveCfg = Debug|x86
		{B1D56998-B4B9-4A19-964A-13EBEE47FA24}.Debug|x64.ActiveCfg = Debug|x64
		{B1D56998-B4B9-4A19-964A-13EBEE47FA24}.Debug|x64.Build.0 = Debug|x64
		{B1D56998-B4B9-4A19-964A-13EBEE47FA24}.Debug|x64.Deploy.0 = Debug|x64
		{B1D56998-B4B9-4A19-964A-13EBEE47FA24}.Debug|x86.ActiveCfg = Debug|x86
		{B1D56998-B4B9-4A19-964A-13EBEE47FA24}.Debug|x86.Build.0 = Debug|x86
		{B1D56998-B4B9-4A19-964A-13EBEE47FA24}.Debug|x86.Deploy.0 = Debug|x86
		{B1D56998-B4B9-4A19-964A-13EBEE47FA24}.Release|Any CPU.ActiveCfg = Release|x86
		{B1D56998-B4B9-4A19-964A-13EBEE47FA24}.Release|ARM.ActiveCfg = Release|ARM
		{B1D56998-B4B9-4A19-964A-13EBEE47FA24}.Release|ARM.Build.0 = Release|ARM
		{B1D56998-B4B9-4A19-964A-13EBEE47FA24}.Release|ARM.Deploy.0 = Release|ARM
		{B1D56998-B4B9-4A19-964A-13EBEE47FA24}.Release|iPhone.ActiveCfg = Release|x86
		{B1D56998-B4B9-4A19-964A-13EBEE47FA24}.Release|iPhoneSimulator.ActiveCfg = Release|x86
		{B1D56998-B4B9-4A19-964A-13EBEE47FA24}.Release|x64.ActiveCfg = Release|x64
		{B1D56998-B4B9-4A19-964A-13EBEE47FA24}.Release|x64.Build.0 = Release|x64
		{B1D56998-B4B9-4A19-964A-13EBEE47FA24}.Release|x64.Deploy.0 = Release|x64
		{B1D56998-B4B9-4A19-964A-13EBEE47FA24}.Release|x86.ActiveCfg = Release|x86
		{B1D56998-B4B9-4A19-964A-13EBEE47FA24}.Release|x86.Build.0 = Release|x86
		{B1D56998-B4B9-4A19-964A-13EBEE47FA24}.Release|x86.Deploy.0 = Release|x86
		{6D9AC014-6679-4BD7-AD4D-8112DFE233E0}.Ad-Hoc|Any CPU.ActiveCfg = Release|Any CPU
		{6D9AC014-6679-4BD7-AD4D-8112DFE233E0}.Ad-Hoc|Any CPU.Build.0 = Release|Any CPU
		{6D9AC014-6679-4BD7-AD4D-8112DFE233E0}.Ad-Hoc|Any CPU.Deploy.0 = Release|Any CPU
		{6D9AC014-6679-4BD7-AD4D-8112DFE233E0}.Ad-Hoc|ARM.ActiveCfg = Release|ARM
		{6D9AC014-6679-4BD7-AD4D-8112DFE233E0}.Ad-Hoc|ARM.Build.0 = Release|ARM
		{6D9AC014-6679-4BD7-AD4D-8112DFE233E0}.Ad-Hoc|ARM.Deploy.0 = Release|ARM
		{6D9AC014-6679-4BD7-AD4D-8112DFE233E0}.Ad-Hoc|iPhone.ActiveCfg = Release|Any CPU
		{6D9AC014-6679-4BD7-AD4D-8112DFE233E0}.Ad-Hoc|iPhone.Build.0 = Release|Any CPU
		{6D9AC014-6679-4BD7-AD4D-8112DFE233E0}.Ad-Hoc|iPhone.Deploy.0 = Release|Any CPU
		{6D9AC014-6679-4BD7-AD4D-8112DFE233E0}.Ad-Hoc|iPhoneSimulator.ActiveCfg = Release|Any CPU
		{6D9AC014-6679-4BD7-AD4D-8112DFE233E0}.Ad-Hoc|iPhoneSimulator.Build.0 = Release|Any CPU
		{6D9AC014-6679-4BD7-AD4D-8112DFE233E0}.Ad-Hoc|iPhoneSimulator.Deploy.0 = Release|Any CPU
		{6D9AC014-6679-4BD7-AD4D-8112DFE233E0}.Ad-Hoc|x64.ActiveCfg = Release|x64
		{6D9AC014-6679-4BD7-AD4D-8112DFE233E0}.Ad-Hoc|x64.Build.0 = Release|x64
		{6D9AC014-6679-4BD7-AD4D-8112DFE233E0}.Ad-Hoc|x64.Deploy.0 = Release|x64
		{6D9AC014-6679-4BD7-AD4D-8112DFE233E0}.Ad-Hoc|x86.ActiveCfg = Release|x86
		{6D9AC014-6679-4BD7-AD4D-8112DFE233E0}.Ad-Hoc|x86.Build.0 = Release|x86
		{6D9AC014-6679-4BD7-AD4D-8112DFE233E0}.Ad-Hoc|x86.Deploy.0 = Release|x86
		{6D9AC014-6679-4BD7-AD4D-8112DFE233E0}.AppStore|Any CPU.ActiveCfg = Release|Any CPU
		{6D9AC014-6679-4BD7-AD4D-8112DFE233E0}.AppStore|Any CPU.Build.0 = Release|Any CPU
		{6D9AC014-6679-4BD7-AD4D-8112DFE233E0}.AppStore|Any CPU.Deploy.0 = Release|Any CPU
		{6D9AC014-6679-4BD7-AD4D-8112DFE233E0}.AppStore|ARM.ActiveCfg = Release|ARM
		{6D9AC014-6679-4BD7-AD4D-8112DFE233E0}.AppStore|ARM.Build.0 = Release|ARM
		{6D9AC014-6679-4BD7-AD4D-8112DFE233E0}.AppStore|ARM.Deploy.0 = Release|ARM
		{6D9AC014-6679-4BD7-AD4D-8112DFE233E0}.AppStore|iPhone.ActiveCfg = Release|Any CPU
		{6D9AC014-6679-4BD7-AD4D-8112DFE233E0}.AppStore|iPhone.Build.0 = Release|Any CPU
		{6D9AC014-6679-4BD7-AD4D-8112DFE233E0}.AppStore|iPhone.Deploy.0 = Release|Any CPU
		{6D9AC014-6679-4BD7-AD4D-8112DFE233E0}.AppStore|iPhoneSimulator.ActiveCfg = Release|Any CPU
		{6D9AC014-6679-4BD7-AD4D-8112DFE233E0}.AppStore|iPhoneSimulator.Build.0 = Release|Any CPU
		{6D9AC014-6679-4BD7-AD4D-8112DFE233E0}.AppStore|iPhoneSimulator.Deploy.0 = Release|Any CPU
		{6D9AC014-6679-4BD7-AD4D-8112DFE233E0}.AppStore|x64.ActiveCfg = Release|x64
		{6D9AC014-6679-4BD7-AD4D-8112DFE233E0}.AppStore|x64.Build.0 = Release|x64
		{6D9AC014-6679-4BD7-AD4D-8112DFE233E0}.AppStore|x64.Deploy.0 = Release|x64
		{6D9AC014-6679-4BD7-AD4D-8112DFE233E0}.AppStore|x86.ActiveCfg = Release|x86
		{6D9AC014-6679-4BD7-AD4D-8112DFE233E0}.AppStore|x86.Build.0 = Release|x86
		{6D9AC014-6679-4BD7-AD4D-8112DFE233E0}.AppStore|x86.Deploy.0 = Release|x86
		{6D9AC014-6679-4BD7-AD4D-8112DFE233E0}.Debug|Any CPU.ActiveCfg = Debug|Any CPU
		{6D9AC014-6679-4BD7-AD4D-8112DFE233E0}.Debug|Any CPU.Build.0 = Debug|Any CPU
		{6D9AC014-6679-4BD7-AD4D-8112DFE233E0}.Debug|Any CPU.Deploy.0 = Debug|Any CPU
		{6D9AC014-6679-4BD7-AD4D-8112DFE233E0}.Debug|ARM.ActiveCfg = Debug|ARM
		{6D9AC014-6679-4BD7-AD4D-8112DFE233E0}.Debug|ARM.Build.0 = Debug|ARM
		{6D9AC014-6679-4BD7-AD4D-8112DFE233E0}.Debug|ARM.Deploy.0 = Debug|ARM
		{6D9AC014-6679-4BD7-AD4D-8112DFE233E0}.Debug|iPhone.ActiveCfg = Debug|Any CPU
		{6D9AC014-6679-4BD7-AD4D-8112DFE233E0}.Debug|iPhone.Build.0 = Debug|Any CPU
		{6D9AC014-6679-4BD7-AD4D-8112DFE233E0}.Debug|iPhone.Deploy.0 = Debug|Any CPU
		{6D9AC014-6679-4BD7-AD4D-8112DFE233E0}.Debug|iPhoneSimulator.ActiveCfg = Debug|Any CPU
		{6D9AC014-6679-4BD7-AD4D-8112DFE233E0}.Debug|iPhoneSimulator.Build.0 = Debug|Any CPU
		{6D9AC014-6679-4BD7-AD4D-8112DFE233E0}.Debug|iPhoneSimulator.Deploy.0 = Debug|Any CPU
		{6D9AC014-6679-4BD7-AD4D-8112DFE233E0}.Debug|x64.ActiveCfg = Debug|x64
		{6D9AC014-6679-4BD7-AD4D-8112DFE233E0}.Debug|x64.Build.0 = Debug|x64
		{6D9AC014-6679-4BD7-AD4D-8112DFE233E0}.Debug|x64.Deploy.0 = Debug|x64
		{6D9AC014-6679-4BD7-AD4D-8112DFE233E0}.Debug|x86.ActiveCfg = Debug|x86
		{6D9AC014-6679-4BD7-AD4D-8112DFE233E0}.Debug|x86.Build.0 = Debug|x86
		{6D9AC014-6679-4BD7-AD4D-8112DFE233E0}.Debug|x86.Deploy.0 = Debug|x86
		{6D9AC014-6679-4BD7-AD4D-8112DFE233E0}.Release|Any CPU.ActiveCfg = Release|Any CPU
		{6D9AC014-6679-4BD7-AD4D-8112DFE233E0}.Release|Any CPU.Build.0 = Release|Any CPU
		{6D9AC014-6679-4BD7-AD4D-8112DFE233E0}.Release|Any CPU.Deploy.0 = Release|Any CPU
		{6D9AC014-6679-4BD7-AD4D-8112DFE233E0}.Release|ARM.ActiveCfg = Release|ARM
		{6D9AC014-6679-4BD7-AD4D-8112DFE233E0}.Release|ARM.Build.0 = Release|ARM
		{6D9AC014-6679-4BD7-AD4D-8112DFE233E0}.Release|ARM.Deploy.0 = Release|ARM
		{6D9AC014-6679-4BD7-AD4D-8112DFE233E0}.Release|iPhone.ActiveCfg = Release|Any CPU
		{6D9AC014-6679-4BD7-AD4D-8112DFE233E0}.Release|iPhone.Build.0 = Release|Any CPU
		{6D9AC014-6679-4BD7-AD4D-8112DFE233E0}.Release|iPhone.Deploy.0 = Release|Any CPU
		{6D9AC014-6679-4BD7-AD4D-8112DFE233E0}.Release|iPhoneSimulator.ActiveCfg = Release|Any CPU
		{6D9AC014-6679-4BD7-AD4D-8112DFE233E0}.Release|iPhoneSimulator.Build.0 = Release|Any CPU
		{6D9AC014-6679-4BD7-AD4D-8112DFE233E0}.Release|iPhoneSimulator.Deploy.0 = Release|Any CPU
		{6D9AC014-6679-4BD7-AD4D-8112DFE233E0}.Release|x64.ActiveCfg = Release|x64
		{6D9AC014-6679-4BD7-AD4D-8112DFE233E0}.Release|x64.Build.0 = Release|x64
		{6D9AC014-6679-4BD7-AD4D-8112DFE233E0}.Release|x64.Deploy.0 = Release|x64
		{6D9AC014-6679-4BD7-AD4D-8112DFE233E0}.Release|x86.ActiveCfg = Release|x86
		{6D9AC014-6679-4BD7-AD4D-8112DFE233E0}.Release|x86.Build.0 = Release|x86
		{6D9AC014-6679-4BD7-AD4D-8112DFE233E0}.Release|x86.Deploy.0 = Release|x86
	EndGlobalSection
	GlobalSection(SolutionProperties) = preSolution
		HideSolutionNode = FALSE
	EndGlobalSection
EndGlobal
